{
  "name": "tapship",
  "version": "0.1.0",
  "lockfileVersion": 3,
  "requires": true,
  "packages": {
    "": {
      "name": "tapship",
      "version": "0.1.0",
      "license": "MIT",
      "bin": {
        "tapship": "bin/tapship.js"
      },
      "engines": {
        "node": ">=20"
      }
    }
  }
}
